
Microsoft Visual Studio Solution File, Format Version 12.00
# Visual Studio Version 17
VisualStudioVersion = 17.4.33205.214
MinimumVisualStudioVersion = 10.0.40219.1
Project("{FAE04EC0-301F-11D3-BF4B-00C04F79EFBC}") = "tpr 1 Maybe", "tpr 1 Maybe\tpr 1 Maybe.csproj", "{EDAE5065-58B0-4BD9-AAEE-CC7A33D10795}"
EndProject
Global
	GlobalSection(SolutionConfigurationPlatforms) = preSolution
		Debug|Any CPU = Debug|Any CPU
		Release|Any CPU = Release|Any CPU
	EndGlobalSection
	GlobalSection(ProjectConfigurationPlatforms) = postSolution
		{EDAE5065-58B0-4BD9-AAEE-CC7A33D10795}.Debug|Any CPU.ActiveCfg = Debug|Any CPU
		{EDAE5065-58B0-4BD9-AAEE-CC7A33D10795}.Debug|Any CPU.Build.0 = Debug|Any CPU
		{EDAE5065-58B0-4BD9-AAEE-CC7A33D10795}.Release|Any CPU.ActiveCfg = Release|Any CPU
		{EDAE5065-58B0-4BD9-AAEE-CC7A33D10795}.Release|Any CPU.Build.0 = Release|Any CPU
	EndGlobalSection
	GlobalSection(SolutionProperties) = preSolution
		HideSolutionNode = FALSE
	EndGlobalSection
	GlobalSection(ExtensibilityGlobals) = postSolution
		SolutionGuid = {A7A55238-4683-47E2-BD25-43288EA53C82}
	EndGlobalSection
EndGlobal
